
Microsoft Visual Studio Solution File, Format Version 12.00
# Visual Studio Version 17
VisualStudioVersion = 17.1.32421.90
MinimumVisualStudioVersion = 10.0.40219.1
Project("{FAE04EC0-301F-11D3-BF4B-00C04F79EFBC}") = "DirectumRX_beta", "DirectumRX_beta\DirectumRX_beta.csproj", "{50A12E99-1440-4A8B-BA46-9505BED900C0}"
EndProject
Global
	GlobalSection(SolutionConfigurationPlatforms) = preSolution
		Debug|Any CPU = Debug|Any CPU
		Release|Any CPU = Release|Any CPU
	EndGlobalSection
	GlobalSection(ProjectConfigurationPlatforms) = postSolution
		{50A12E99-1440-4A8B-BA46-9505BED900C0}.Debug|Any CPU.ActiveCfg = Debug|Any CPU
		{50A12E99-1440-4A8B-BA46-9505BED900C0}.Debug|Any CPU.Build.0 = Debug|Any CPU
		{50A12E99-1440-4A8B-BA46-9505BED900C0}.Release|Any CPU.ActiveCfg = Release|Any CPU
		{50A12E99-1440-4A8B-BA46-9505BED900C0}.Release|Any CPU.Build.0 = Release|Any CPU
	EndGlobalSection
	GlobalSection(SolutionProperties) = preSolution
		HideSolutionNode = FALSE
	EndGlobalSection
	GlobalSection(ExtensibilityGlobals) = postSolution
		SolutionGuid = {63B63D4B-DC7A-4E47-B4A8-2E24E28CD94C}
	EndGlobalSection
EndGlobal
